// !$*UTF8*$!
{
	archiveVersion = 1;
	classes = {
	};
	objectVersion = 56;
	objects = {

/* Begin PBXBuildFile section */
		24A1FF1B2BCD111200583C55 /* SwiftUIQuadTreeApp.swift in Sources */ = {isa = PBXBuildFile; fileRef = 24A1FF1A2BCD111200583C55 /* SwiftUIQuadTreeApp.swift */; };
		24A1FF1D2BCD111200583C55 /* ContentView.swift in Sources */ = {isa = PBXBuildFile; fileRef = 24A1FF1C2BCD111200583C55 /* ContentView.swift */; };
		24A1FF1F2BCD111300583C55 /* Assets.xcassets in Resources */ = {isa = PBXBuildFile; fileRef = 24A1FF1E2BCD111300583C55 /* Assets.xcassets */; };
		24A1FF232BCD111300583C55 /* Preview Assets.xcassets in Resources */ = {isa = PBXBuildFile; fileRef = 24A1FF222BCD111300583C55 /* Preview Assets.xcassets */; };
		24A1FF2D2BCD111400583C55 /* SwiftUIQuadTreeTests.swift in Sources */ = {isa = PBXBuildFile; fileRef = 24A1FF2C2BCD111400583C55 /* SwiftUIQuadTreeTests.swift */; };
		24A1FF462BCDE36600583C55 /* Extensions.swift in Sources */ = {isa = PBXBuildFile; fileRef = 24A1FF452BCDE36600583C55 /* Extensions.swift */; };
/* End PBXBuildFile section */

/* Begin PBXContainerItemProxy section */
		24A1FF292BCD111400583C55 /* PBXContainerItemProxy */ = {
			isa = PBXContainerItemProxy;
			containerPortal = 24A1FF0F2BCD111200583C55 /* Project object */;
			proxyType = 1;
			remoteGlobalIDString = 24A1FF162BCD111200583C55;
			remoteInfo = SwiftUIQuadTree;
		};
/* End PBXContainerItemProxy section */

/* Begin PBXFileReference section */
		24A1FF172BCD111200583C55 /* SwiftUIQuadTree.app */ = {isa = PBXFileReference; explicitFileType = wrapper.application; includeInIndex = 0; path = SwiftUIQuadTree.app; sourceTree = BUILT_PRODUCTS_DIR; };
		24A1FF1A2BCD111200583C55 /* SwiftUIQuadTreeApp.swift */ = {isa = PBXFileReference; lastKnownFileType = sourcecode.swift; path = SwiftUIQuadTreeApp.swift; sourceTree = "<group>"; };
		24A1FF1C2BCD111200583C55 /* ContentView.swift */ = {isa = PBXFileReference; lastKnownFileType = sourcecode.swift; path = ContentView.swift; sourceTree = "<group>"; };
		24A1FF1E2BCD111300583C55 /* Assets.xcassets */ = {isa = PBXFileReference; lastKnownFileType = folder.assetcatalog; path = Assets.xcassets; sourceTree = "<group>"; };
		24A1FF202BCD111300583C55 /* SwiftUIQuadTree.entitlements */ = {isa = PBXFileReference; lastKnownFileType = text.plist.entitlements; path = SwiftUIQuadTree.entitlements; sourceTree = "<group>"; };
		24A1FF222BCD111300583C55 /* Preview Assets.xcassets */ = {isa = PBXFileReference; lastKnownFileType = folder.assetcatalog; path = "Preview Assets.xcassets"; sourceTree = "<group>"; };
		24A1FF282BCD111400583C55 /* SwiftUIQuadTreeTests.xctest */ = {isa = PBXFileReference; explicitFileType = wrapper.cfbundle; includeInIndex = 0; path = SwiftUIQuadTreeTests.xctest; sourceTree = BUILT_PRODUCTS_DIR; };
		24A1FF2C2BCD111400583C55 /* SwiftUIQuadTreeTests.swift */ = {isa = PBXFileReference; lastKnownFileType = sourcecode.swift; path = SwiftUIQuadTreeTests.swift; sourceTree = "<group>"; };
		24A1FF452BCDE36600583C55 /* Extensions.swift */ = {isa = PBXFileReference; lastKnownFileType = sourcecode.swift; path = Extensions.swift; sourceTree = "<group>"; };
/* End PBXFileReference section */

/* Begin PBXFrameworksBuildPhase section */
		24A1FF142BCD111200583C55 /* Frameworks */ = {
			isa = PBXFrameworksBuildPhase;
			buildActionMask = 2147483647;
			files = (
			);
			runOnlyForDeploymentPostprocessing = 0;
		};
		24A1FF252BCD111400583C55 /* Frameworks */ = {
			isa = PBXFrameworksBuildPhase;
			buildActionMask = 2147483647;
			files = (
			);
			runOnlyForDeploymentPostprocessing = 0;
		};
/* End PBXFrameworksBuildPhase section */

/* Begin PBXGroup section */
		24A1FF0E2BCD111200583C55 = {
			isa = PBXGroup;
			children = (
				24A1FF192BCD111200583C55 /* SwiftUIQuadTree */,
				24A1FF2B2BCD111400583C55 /* SwiftUIQuadTreeTests */,
				24A1FF182BCD111200583C55 /* Products */,
			);
			sourceTree = "<group>";
		};
		24A1FF182BCD111200583C55 /* Products */ = {
			isa = PBXGroup;
			children = (
				24A1FF172BCD111200583C55 /* SwiftUIQuadTree.app */,
				24A1FF282BCD111400583C55 /* SwiftUIQuadTreeTests.xctest */,
			);
			name = Products;
			sourceTree = "<group>";
		};
		24A1FF192BCD111200583C55 /* SwiftUIQuadTree */ = {
			isa = PBXGroup;
			children = (
				24A1FF1A2BCD111200583C55 /* SwiftUIQuadTreeApp.swift */,
				24A1FF1C2BCD111200583C55 /* ContentView.swift */,
				24A1FF1E2BCD111300583C55 /* Assets.xcassets */,
				24A1FF202BCD111300583C55 /* SwiftUIQuadTree.entitlements */,
				24A1FF212BCD111300583C55 /* Preview Content */,
				24A1FF452BCDE36600583C55 /* Extensions.swift */,
			);
			path = SwiftUIQuadTree;
			sourceTree = "<group>";
		};
		24A1FF212BCD111300583C55 /* Preview Content */ = {
			isa = PBXGroup;
			children = (
				24A1FF222BCD111300583C55 /* Preview Assets.xcassets */,
			);
			path = "Preview Content";
			sourceTree = "<group>";
		};
		24A1FF2B2BCD111400583C55 /* SwiftUIQuadTreeTests */ = {
			isa = PBXGroup;
			children = (
				24A1FF2C2BCD111400583C55 /* SwiftUIQuadTreeTests.swift */,
			);
			path = SwiftUIQuadTreeTests;
			sourceTree = "<group>";
		};
/* End PBXGroup section */

/* Begin PBXNativeTarget section */
		24A1FF162BCD111200583C55 /* SwiftUIQuadTree */ = {
			isa = PBXNativeTarget;
			buildConfigurationList = 24A1FF3C2BCD111400583C55 /* Build configuration list for PBXNativeTarget "SwiftUIQuadTree" */;
			buildPhases = (
				24A1FF132BCD111200583C55 /* Sources */,
				24A1FF142BCD111200583C55 /* Frameworks */,
				24A1FF152BCD111200583C55 /* Resources */,
			);
			buildRules = (
			);
			dependencies = (
			);
			name = SwiftUIQuadTree;
			productName = SwiftUIQuadTree;
			productReference = 24A1FF172BCD111200583C55 /* SwiftUIQuadTree.app */;
			productType = "com.apple.product-type.application";
		};
		24A1FF272BCD111400583C55 /* SwiftUIQuadTreeTests */ = {
			isa = PBXNativeTarget;
			buildConfigurationList = 24A1FF3F2BCD111400583C55 /* Build configuration list for PBXNativeTarget "SwiftUIQuadTreeTests" */;
			buildPhases = (
				24A1FF242BCD111400583C55 /* Sources */,
				24A1FF252BCD111400583C55 /* Frameworks */,
				24A1FF262BCD111400583C55 /* Resources */,
			);
			buildRules = (
			);
			dependencies = (
				24A1FF2A2BCD111400583C55 /* PBXTargetDependency */,
			);
			name = SwiftUIQuadTreeTests;
			productName = SwiftUIQuadTreeTests;
			productReference = 24A1FF282BCD111400583C55 /* SwiftUIQuadTreeTests.xctest */;
			productType = "com.apple.product-type.bundle.unit-test";
		};
/* End PBXNativeTarget section */

/* Begin PBXProject section */
		24A1FF0F2BCD111200583C55 /* Project object */ = {
			isa = PBXProject;
			attributes = {
				BuildIndependentTargetsInParallel = 1;
				LastSwiftUpdateCheck = 1530;
				LastUpgradeCheck = 1530;
				TargetAttributes = {
					24A1FF162BCD111200583C55 = {
						CreatedOnToolsVersion = 15.3;
					};
					24A1FF272BCD111400583C55 = {
						CreatedOnToolsVersion = 15.3;
						TestTargetID = 24A1FF162BCD111200583C55;
					};
				};
			};
			buildConfigurationList = 24A1FF122BCD111200583C55 /* Build configuration list for PBXProject "SwiftUIQuadTree" */;
			compatibilityVersion = "Xcode 14.0";
			developmentRegion = en;
			hasScannedForEncodings = 0;
			knownRegions = (
				en,
				Base,
			);
			mainGroup = 24A1FF0E2BCD111200583C55;
			productRefGroup = 24A1FF182BCD111200583C55 /* Products */;
			projectDirPath = "";
			projectRoot = "";
			targets = (
				24A1FF162BCD111200583C55 /* SwiftUIQuadTree */,
				24A1FF272BCD111400583C55 /* SwiftUIQuadTreeTests */,
			);
		};
/* End PBXProject section */

/* Begin PBXResourcesBuildPhase section */
		24A1FF152BCD111200583C55 /* Resources */ = {
			isa = PBXResourcesBuildPhase;
			buildActionMask = 2147483647;
			files = (
				24A1FF232BCD111300583C55 /* Preview Assets.xcassets in Resources */,
				24A1FF1F2BCD111300583C55 /* Assets.xcassets in Resources */,
			);
			runOnlyForDeploymentPostprocessing = 0;
		};
		24A1FF262BCD111400583C55 /* Resources */ = {
			isa = PBXResourcesBuildPhase;
			buildActionMask = 2147483647;
			files = (
			);
			runOnlyForDeploymentPostprocessing = 0;
		};
/* End PBXResourcesBuildPhase section */

/* Begin PBXSourcesBuildPhase section */
		24A1FF132BCD111200583C55 /* Sources */ = {
			isa = PBXSourcesBuildPhase;
			buildActionMask = 2147483647;
			files = (
				24A1FF1D2BCD111200583C55 /* ContentView.swift in Sources */,
				24A1FF462BCDE36600583C55 /* Extensions.swift in Sources */,
				24A1FF1B2BCD111200583C55 /* SwiftUIQuadTreeApp.swift in Sources */,
			);
			runOnlyForDeploymentPostprocessing = 0;
		};
		24A1FF242BCD111400583C55 /* Sources */ = {
			isa = PBXSourcesBuildPhase;
			buildActionMask = 2147483647;
			files = (
				24A1FF2D2BCD111400583C55 /* SwiftUIQuadTreeTests.swift in Sources */,
			);
			runOnlyForDeploymentPostprocessing = 0;
		};
/* End PBXSourcesBuildPhase section */

/* Begin PBXTargetDependency section */
		24A1FF2A2BCD111400583C55 /* PBXTargetDependency */ = {
			isa = PBXTargetDependency;
			target = 24A1FF162BCD111200583C55 /* SwiftUIQuadTree */;
			targetProxy = 24A1FF292BCD111400583C55 /* PBXContainerItemProxy */;
		};
/* End PBXTargetDependency section */

/* Begin XCBuildConfiguration section */
		24A1FF3A2BCD111400583C55 /* Debug */ = {
			isa = XCBuildConfiguration;
			buildSettings = {
				ALWAYS_SEARCH_USER_PATHS = NO;
				ASSETCATALOG_COMPILER_GENERATE_SWIFT_ASSET_SYMBOL_EXTENSIONS = YES;
				CLANG_ANALYZER_NONNULL = YES;
				CLANG_ANALYZER_NUMBER_OBJECT_CONVERSION = YES_AGGRESSIVE;
				CLANG_CXX_LANGUAGE_STANDARD = "gnu++20";
				CLANG_ENABLE_MODULES = YES;
				CLANG_ENABLE_OBJC_ARC = YES;
				CLANG_ENABLE_OBJC_WEAK = YES;
				CLANG_WARN_BLOCK_CAPTURE_AUTORELEASING = YES;
				CLANG_WARN_BOOL_CONVERSION = YES;
				CLANG_WARN_COMMA = YES;
				CLANG_WARN_CONSTANT_CONVERSION = YES;
				CLANG_WARN_DEPRECATED_OBJC_IMPLEMENTATIONS = YES;
				CLANG_WARN_DIRECT_OBJC_ISA_USAGE = YES_ERROR;
				CLANG_WARN_DOCUMENTATION_COMMENTS = YES;
				CLANG_WARN_EMPTY_BODY = YES;
				CLANG_WARN_ENUM_CONVERSION = YES;
				CLANG_WARN_INFINITE_RECURSION = YES;
				CLANG_WARN_INT_CONVERSION = YES;
				CLANG_WARN_NON_LITERAL_NULL_CONVERSION = YES;
				CLANG_WARN_OBJC_IMPLICIT_RETAIN_SELF = YES;
				CLANG_WARN_OBJC_LITERAL_CONVERSION = YES;
				CLANG_WARN_OBJC_ROOT_CLASS = YES_ERROR;
				CLANG_WARN_QUOTED_INCLUDE_IN_FRAMEWORK_HEADER = YES;
				CLANG_WARN_RANGE_LOOP_ANALYSIS = YES;
				CLANG_WARN_STRICT_PROTOTYPES = YES;
				CLANG_WARN_SUSPICIOUS_MOVE = YES;
				CLANG_WARN_UNGUARDED_AVAILABILITY = YES_AGGRESSIVE;
				CLANG_WARN_UNREACHABLE_CODE = YES;
				CLANG_WARN__DUPLICATE_METHOD_MATCH = YES;
				COPY_PHASE_STRIP = NO;
				DEBUG_INFORMATION_FORMAT = dwarf;
				ENABLE_STRICT_OBJC_MSGSEND = YES;
				ENABLE_TESTABILITY = YES;
				ENABLE_USER_SCRIPT_SANDBOXING = YES;
				GCC_C_LANGUAGE_STANDARD = gnu17;
				GCC_DYNAMIC_NO_PIC = NO;
				GCC_NO_COMMON_BLOCKS = YES;
				GCC_OPTIMIZATION_LEVEL = 0;
				GCC_PREPROCESSOR_DEFINITIONS = (
					"DEBUG=1",
					"$(inherited)",
				);
				GCC_WARN_64_TO_32_BIT_CONVERSION = YES;
				GCC_WARN_ABOUT_RETURN_TYPE = YES_ERROR;
				GCC_WARN_UNDECLARED_SELECTOR = YES;
				GCC_WARN_UNINITIALIZED_AUTOS = YES_AGGRESSIVE;
				GCC_WARN_UNUSED_FUNCTION = YES;
				GCC_WARN_UNUSED_VARIABLE = YES;
				LOCALIZATION_PREFERS_STRING_CATALOGS = YES;
				MTL_ENABLE_DEBUG_INFO = INCLUDE_SOURCE;
				MTL_FAST_MATH = YES;
				ONLY_ACTIVE_ARCH = YES;
				SWIFT_ACTIVE_COMPILATION_CONDITIONS = "DEBUG $(inherited)";
				SWIFT_OPTIMIZATION_LEVEL = "-Onone";
			};
			name = Debug;
		};
		24A1FF3B2BCD111400583C55 /* Release */ = {
			isa = XCBuildConfiguration;
			buildSettings = {
				ALWAYS_SEARCH_USER_PATHS = NO;
				ASSETCATALOG_COMPILER_GENERATE_SWIFT_ASSET_SYMBOL_EXTENSIONS = YES;
				CLANG_ANALYZER_NONNULL = YES;
				CLANG_ANALYZER_NUMBER_OBJECT_CONVERSION = YES_AGGRESSIVE;
				CLANG_CXX_LANGUAGE_STANDARD = "gnu++20";
				CLANG_ENABLE_MODULES = YES;
				CLANG_ENABLE_OBJC_ARC = YES;
				CLANG_ENABLE_OBJC_WEAK = YES;
				CLANG_WARN_BLOCK_CAPTURE_AUTORELEASING = YES;
				CLANG_WARN_BOOL_CONVERSION = YES;
				CLANG_WARN_COMMA = YES;
				CLANG_WARN_CONSTANT_CONVERSION = YES;
				CLANG_WARN_DEPRECATED_OBJC_IMPLEMENTATIONS = YES;
				CLANG_WARN_DIRECT_OBJC_ISA_USAGE = YES_ERROR;
				CLANG_WARN_DOCUMENTATION_COMMENTS = YES;
				CLANG_WARN_EMPTY_BODY = YES;
				CLANG_WARN_ENUM_CONVERSION = YES;
				CLANG_WARN_INFINITE_RECURSION = YES;
				CLANG_WARN_INT_CONVERSION = YES;
				CLANG_WARN_NON_LITERAL_NULL_CONVERSION = YES;
				CLANG_WARN_OBJC_IMPLICIT_RETAIN_SELF = YES;
				CLANG_WARN_OBJC_LITERAL_CONVERSION = YES;
				CLANG_WARN_OBJC_ROOT_CLASS = YES_ERROR;
				CLANG_WARN_QUOTED_INCLUDE_IN_FRAMEWORK_HEADER = YES;
				CLANG_WARN_RANGE_LOOP_ANALYSIS = YES;
				CLANG_WARN_STRICT_PROTOTYPES = YES;
				CLANG_WARN_SUSPICIOUS_MOVE = YES;
				CLANG_WARN_UNGUARDED_AVAILABILITY = YES_AGGRESSIVE;
				CLANG_WARN_UNREACHABLE_CODE = YES;
				CLANG_WARN__DUPLICATE_METHOD_MATCH = YES;
				COPY_PHASE_STRIP = NO;
				DEBUG_INFORMATION_FORMAT = "dwarf-with-dsym";
				ENABLE_NS_ASSERTIONS = NO;
				ENABLE_STRICT_OBJC_MSGSEND = YES;
				ENABLE_USER_SCRIPT_SANDBOXING = YES;
				GCC_C_LANGUAGE_STANDARD = gnu17;
				GCC_NO_COMMON_BLOCKS = YES;
				GCC_WARN_64_TO_32_BIT_CONVERSION = YES;
				GCC_WARN_ABOUT_RETURN_TYPE = YES_ERROR;
				GCC_WARN_UNDECLARED_SELECTOR = YES;
				GCC_WARN_UNINITIALIZED_AUTOS = YES_AGGRESSIVE;
				GCC_WARN_UNUSED_FUNCTION = YES;
				GCC_WARN_UNUSED_VARIABLE = YES;
				LOCALIZATION_PREFERS_STRING_CATALOGS = YES;
				MTL_ENABLE_DEBUG_INFO = NO;
				MTL_FAST_MATH = YES;
				SWIFT_COMPILATION_MODE = wholemodule;
			};
			name = Release;
		};
		24A1FF3D2BCD111400583C55 /* Debug */ = {
			isa = XCBuildConfiguration;
			buildSettings = {
				ASSETCATALOG_COMPILER_APPICON_NAME = AppIcon;
				ASSETCATALOG_COMPILER_GLOBAL_ACCENT_COLOR_NAME = AccentColor;
				CODE_SIGN_ENTITLEMENTS = SwiftUIQuadTree/SwiftUIQuadTree.entitlements;
				CODE_SIGN_STYLE = Automatic;
				CURRENT_PROJECT_VERSION = 1;
				DEVELOPMENT_ASSET_PATHS = "\"SwiftUIQuadTree/Preview Content\"";
				DEVELOPMENT_TEAM = P2PP2EM79F;
				ENABLE_HARDENED_RUNTIME = YES;
				ENABLE_PREVIEWS = YES;
				GENERATE_INFOPLIST_FILE = YES;
				"INFOPLIST_KEY_UIApplicationSceneManifest_Generation[sdk=iphoneos*]" = YES;
				"INFOPLIST_KEY_UIApplicationSceneManifest_Generation[sdk=iphonesimulator*]" = YES;
				"INFOPLIST_KEY_UIApplicationSupportsIndirectInputEvents[sdk=iphoneos*]" = YES;
				"INFOPLIST_KEY_UIApplicationSupportsIndirectInputEvents[sdk=iphonesimulator*]" = YES;
				"INFOPLIST_KEY_UILaunchScreen_Generation[sdk=iphoneos*]" = YES;
				"INFOPLIST_KEY_UILaunchScreen_Generation[sdk=iphonesimulator*]" = YES;
				"INFOPLIST_KEY_UIStatusBarStyle[sdk=iphoneos*]" = UIStatusBarStyleDefault;
				"INFOPLIST_KEY_UIStatusBarStyle[sdk=iphonesimulator*]" = UIStatusBarStyleDefault;
				INFOPLIST_KEY_UISupportedInterfaceOrientations_iPad = "UIInterfaceOrientationPortrait UIInterfaceOrientationPortraitUpsideDown UIInterfaceOrientationLandscapeLeft UIInterfaceOrientationLandscapeRight";
				INFOPLIST_KEY_UISupportedInterfaceOrientations_iPhone = "UIInterfaceOrientationPortrait UIInterfaceOrientationLandscapeLeft UIInterfaceOrientationLandscapeRight";
				IPHONEOS_DEPLOYMENT_TARGET = 17.4;
				LD_RUNPATH_SEARCH_PATHS = "@executable_path/Frameworks";
				"LD_RUNPATH_SEARCH_PATHS[sdk=macosx*]" = "@executable_path/../Frameworks";
				MACOSX_DEPLOYMENT_TARGET = 14.4;
				MARKETING_VERSION = 1.0;
				PRODUCT_BUNDLE_IDENTIFIER = com.twof.SwiftUIQuadTree;
				PRODUCT_NAME = "$(TARGET_NAME)";
				SDKROOT = auto;
				SUPPORTED_PLATFORMS = "iphoneos iphonesimulator macosx";
				SWIFT_EMIT_LOC_STRINGS = YES;
				SWIFT_VERSION = 5.0;
				TARGETED_DEVICE_FAMILY = "1,2";
			};
			name = Debug;
		};
		24A1FF3E2BCD111400583C55 /* Release */ = {
			isa = XCBuildConfiguration;
			buildSettings = {
				ASSETCATALOG_COMPILER_APPICON_NAME = AppIcon;
				ASSETCATALOG_COMPILER_GLOBAL_ACCENT_COLOR_NAME = AccentColor;
				CODE_SIGN_ENTITLEMENTS = SwiftUIQuadTree/SwiftUIQuadTree.entitlements;
				CODE_SIGN_STYLE = Automatic;
				CURRENT_PROJECT_VERSION = 1;
				DEVELOPMENT_ASSET_PATHS = "\"SwiftUIQuadTree/Preview Content\"";
				DEVELOPMENT_TEAM = P2PP2EM79F;
				ENABLE_HARDENED_RUNTIME = YES;
				ENABLE_PREVIEWS = YES;
				GENERATE_INFOPLIST_FILE = YES;
				"INFOPLIST_KEY_UIApplicationSceneManifest_Generation[sdk=iphoneos*]" = YES;
				"INFOPLIST_KEY_UIApplicationSceneManifest_Generation[sdk=iphonesimulator*]" = YES;
				"INFOPLIST_KEY_UIApplicationSupportsIndirectInputEvents[sdk=iphoneos*]" = YES;
				"INFOPLIST_KEY_UIApplicationSupportsIndirectInputEvents[sdk=iphonesimulator*]" = YES;
				"INFOPLIST_KEY_UILaunchScreen_Generation[sdk=iphoneos*]" = YES;
				"INFOPLIST_KEY_UILaunchScreen_Generation[sdk=iphonesimulator*]" = YES;
				"INFOPLIST_KEY_UIStatusBarStyle[sdk=iphoneos*]" = UIStatusBarStyleDefault;
				"INFOPLIST_KEY_UIStatusBarStyle[sdk=iphonesimulator*]" = UIStatusBarStyleDefault;
				INFOPLIST_KEY_UISupportedInterfaceOrientations_iPad = "UIInterfaceOrientationPortrait UIInterfaceOrientationPortraitUpsideDown UIInterfaceOrientationLandscapeLeft UIInterfaceOrientationLandscapeRight";
				INFOPLIST_KEY_UISupportedInterfaceOrientations_iPhone = "UIInterfaceOrientationPortrait UIInterfaceOrientationLandscapeLeft UIInterfaceOrientationLandscapeRight";
				IPHONEOS_DEPLOYMENT_TARGET = 17.4;
				LD_RUNPATH_SEARCH_PATHS = "@executable_path/Frameworks";
				"LD_RUNPATH_SEARCH_PATHS[sdk=macosx*]" = "@executable_path/../Frameworks";
				MACOSX_DEPLOYMENT_TARGET = 14.4;
				MARKETING_VERSION = 1.0;
				PRODUCT_BUNDLE_IDENTIFIER = com.twof.SwiftUIQuadTree;
				PRODUCT_NAME = "$(TARGET_NAME)";
				SDKROOT = auto;
				SUPPORTED_PLATFORMS = "iphoneos iphonesimulator macosx";
				SWIFT_EMIT_LOC_STRINGS = YES;
				SWIFT_VERSION = 5.0;
				TARGETED_DEVICE_FAMILY = "1,2";
			};
			name = Release;
		};
		24A1FF402BCD111400583C55 /* Debug */ = {
			isa = XCBuildConfiguration;
			buildSettings = {
				ALWAYS_EMBED_SWIFT_STANDARD_LIBRARIES = YES;
				BUNDLE_LOADER = "$(TEST_HOST)";
				CODE_SIGN_STYLE = Automatic;
				CURRENT_PROJECT_VERSION = 1;
				DEVELOPMENT_TEAM = P2PP2EM79F;
				GENERATE_INFOPLIST_FILE = YES;
				IPHONEOS_DEPLOYMENT_TARGET = 17.4;
				MACOSX_DEPLOYMENT_TARGET = 14.4;
				MARKETING_VERSION = 1.0;
				PRODUCT_BUNDLE_IDENTIFIER = com.twof.SwiftUIQuadTreeTests;
				PRODUCT_NAME = "$(TARGET_NAME)";
				SDKROOT = auto;
				SUPPORTED_PLATFORMS = "iphoneos iphonesimulator macosx";
				SWIFT_EMIT_LOC_STRINGS = NO;
				SWIFT_VERSION = 5.0;
				TARGETED_DEVICE_FAMILY = "1,2";
				TEST_HOST = "$(BUILT_PRODUCTS_DIR)/SwiftUIQuadTree.app/$(BUNDLE_EXECUTABLE_FOLDER_PATH)/SwiftUIQuadTree";
			};
			name = Debug;
		};
		24A1FF412BCD111400583C55 /* Release */ = {
			isa = XCBuildConfiguration;
			buildSettings = {
				ALWAYS_EMBED_SWIFT_STANDARD_LIBRARIES = YES;
				BUNDLE_LOADER = "$(TEST_HOST)";
				CODE_SIGN_STYLE = Automatic;
				CURRENT_PROJECT_VERSION = 1;
				DEVELOPMENT_TEAM = P2PP2EM79F;
				GENERATE_INFOPLIST_FILE = YES;
				IPHONEOS_DEPLOYMENT_TARGET = 17.4;
				MACOSX_DEPLOYMENT_TARGET = 14.4;
				MARKETING_VERSION = 1.0;
				PRODUCT_BUNDLE_IDENTIFIER = com.twof.SwiftUIQuadTreeTests;
				PRODUCT_NAME = "$(TARGET_NAME)";
				SDKROOT = auto;
				SUPPORTED_PLATFORMS = "iphoneos iphonesimulator macosx";
				SWIFT_EMIT_LOC_STRINGS = NO;
				SWIFT_VERSION = 5.0;
				TARGETED_DEVICE_FAMILY = "1,2";
				TEST_HOST = "$(BUILT_PRODUCTS_DIR)/SwiftUIQuadTree.app/$(BUNDLE_EXECUTABLE_FOLDER_PATH)/SwiftUIQuadTree";
			};
			name = Release;
		};
/* End XCBuildConfiguration section */

/* Begin XCConfigurationList section */
		24A1FF122BCD111200583C55 /* Build configuration list for PBXProject "SwiftUIQuadTree" */ = {
			isa = XCConfigurationList;
			buildConfigurations = (
				24A1FF3A2BCD111400583C55 /* Debug */,
				24A1FF3B2BCD111400583C55 /* Release */,
			);
			defaultConfigurationIsVisible = 0;
			defaultConfigurationName = Release;
		};
		24A1FF3C2BCD111400583C55 /* Build configuration list for PBXNativeTarget "SwiftUIQuadTree" */ = {
			isa = XCConfigurationList;
			buildConfigurations = (
				24A1FF3D2BCD111400583C55 /* Debug */,
				24A1FF3E2BCD111400583C55 /* Release */,
			);
			defaultConfigurationIsVisible = 0;
			defaultConfigurationName = Release;
		};
		24A1FF3F2BCD111400583C55 /* Build configuration list for PBXNativeTarget "SwiftUIQuadTreeTests" */ = {
			isa = XCConfigurationList;
			buildConfigurations = (
				24A1FF402BCD111400583C55 /* Debug */,
				24A1FF412BCD111400583C55 /* Release */,
			);
			defaultConfigurationIsVisible = 0;
			defaultConfigurationName = Release;
		};
/* End XCConfigurationList section */
	};
	rootObject = 24A1FF0F2BCD111200583C55 /* Project object */;
}
